
Microsoft Visual Studio Solution File, Format Version 12.00
# Visual Studio Version 17
VisualStudioVersion = 17.7.34202.233
MinimumVisualStudioVersion = 10.0.40219.1
Project("{FAE04EC0-301F-11D3-BF4B-00C04F79EFBC}") = "MyLibrary", "MyLibrary\MyLibrary.csproj", "{073040D4-4E0D-4D1C-B464-B3FAD9F3EFA4}"
EndProject
Global
	GlobalSection(SolutionConfigurationPlatforms) = preSolution
		Debug|Any CPU = Debug|Any CPU
		Release|Any CPU = Release|Any CPU
	EndGlobalSection
	GlobalSection(ProjectConfigurationPlatforms) = postSolution
		{073040D4-4E0D-4D1C-B464-B3FAD9F3EFA4}.Debug|Any CPU.ActiveCfg = Debug|Any CPU
		{073040D4-4E0D-4D1C-B464-B3FAD9F3EFA4}.Debug|Any CPU.Build.0 = Debug|Any CPU
		{073040D4-4E0D-4D1C-B464-B3FAD9F3EFA4}.Release|Any CPU.ActiveCfg = Release|Any CPU
		{073040D4-4E0D-4D1C-B464-B3FAD9F3EFA4}.Release|Any CPU.Build.0 = Release|Any CPU
	EndGlobalSection
	GlobalSection(SolutionProperties) = preSolution
		HideSolutionNode = FALSE
	EndGlobalSection
	GlobalSection(ExtensibilityGlobals) = postSolution
		SolutionGuid = {DB4825F8-0510-46CB-AE6B-A0D1668ADE73}
	EndGlobalSection
EndGlobal
